
Microsoft Visual Studio Solution File, Format Version 12.00
# Visual Studio Version 17
VisualStudioVersion = 17.8.34112.27
MinimumVisualStudioVersion = 10.0.40219.1
Project("{FAE04EC0-301F-11D3-BF4B-00C04F79EFBC}") = "PassaParola", "PassaParola\PassaParola.csproj", "{EDB39D2C-204C-4A14-A84D-82AAFC1E6AF1}"
EndProject
Global
	GlobalSection(SolutionConfigurationPlatforms) = preSolution
		Debug|Any CPU = Debug|Any CPU
		Release|Any CPU = Release|Any CPU
	EndGlobalSection
	GlobalSection(ProjectConfigurationPlatforms) = postSolution
		{EDB39D2C-204C-4A14-A84D-82AAFC1E6AF1}.Debug|Any CPU.ActiveCfg = Debug|Any CPU
		{EDB39D2C-204C-4A14-A84D-82AAFC1E6AF1}.Debug|Any CPU.Build.0 = Debug|Any CPU
		{EDB39D2C-204C-4A14-A84D-82AAFC1E6AF1}.Release|Any CPU.ActiveCfg = Release|Any CPU
		{EDB39D2C-204C-4A14-A84D-82AAFC1E6AF1}.Release|Any CPU.Build.0 = Release|Any CPU
	EndGlobalSection
	GlobalSection(SolutionProperties) = preSolution
		HideSolutionNode = FALSE
	EndGlobalSection
	GlobalSection(ExtensibilityGlobals) = postSolution
		SolutionGuid = {956056AE-8B9A-487F-ACBF-2B72B25ECB17}
	EndGlobalSection
EndGlobal
